// !$*UTF8*$!
{
	archiveVersion = 1;
	classes = {
	};
	objectVersion = 52;
	objects = {

/* Begin PBXBuildFile section */
		4F10C1FE26F748D10032B955 /* AppDelegate.swift in Sources */ = {isa = PBXBuildFile; fileRef = 4F10C1FD26F748D10032B955 /* AppDelegate.swift */; };
		4F10C20026F748D10032B955 /* SceneDelegate.swift in Sources */ = {isa = PBXBuildFile; fileRef = 4F10C1FF26F748D10032B955 /* SceneDelegate.swift */; };
		4F10C20226F748D10032B955 /* ViewController.swift in Sources */ = {isa = PBXBuildFile; fileRef = 4F10C20126F748D10032B955 /* ViewController.swift */; };
		4F10C20526F748D10032B955 /* Main.storyboard in Resources */ = {isa = PBXBuildFile; fileRef = 4F10C20326F748D10032B955 /* Main.storyboard */; };
		4F10C20726F748D30032B955 /* Assets.xcassets in Resources */ = {isa = PBXBuildFile; fileRef = 4F10C20626F748D30032B955 /* Assets.xcassets */; };
		4F10C20A26F748D30032B955 /* LaunchScreen.storyboard in Resources */ = {isa = PBXBuildFile; fileRef = 4F10C20826F748D30032B955 /* LaunchScreen.storyboard */; };
		4F10C21226F74EEB0032B955 /* VideoCapture.swift in Sources */ = {isa = PBXBuildFile; fileRef = 4F10C21126F74EEB0032B955 /* VideoCapture.swift */; };
		4FAB64CD26F8FC6C008BFF14 /* predictor.swift in Sources */ = {isa = PBXBuildFile; fileRef = 4FAB64CC26F8FC6C008BFF14 /* predictor.swift */; };
		5D4A60DD27ECCD13004070D6 /* Activity.swift in Sources */ = {isa = PBXBuildFile; fileRef = 5D4A60DC27ECCD13004070D6 /* Activity.swift */; };
		5D4A60E027ECD166004070D6 /* FirebaseStorageSwift-Beta in Frameworks */ = {isa = PBXBuildFile; productRef = 5D4A60DF27ECD166004070D6 /* FirebaseStorageSwift-Beta */; };
		5D5BB0D827C7816B00CF2920 /* GoogleService-Info.plist in Resources */ = {isa = PBXBuildFile; fileRef = 5D5BB0D727C7816B00CF2920 /* GoogleService-Info.plist */; };
		5DA6A1E427EE0B7B00A2D80A /* searchGymRoomTableViewCell.swift in Sources */ = {isa = PBXBuildFile; fileRef = 5DA6A1E327EE0B7B00A2D80A /* searchGymRoomTableViewCell.swift */; };
		5DA6A1E627EE0D6F00A2D80A /* SearchGymRoomTableViewController.swift in Sources */ = {isa = PBXBuildFile; fileRef = 5DA6A1E527EE0D6F00A2D80A /* SearchGymRoomTableViewController.swift */; };
		83225D3F27FD5FD600571DAB /* FitnessPose 1.mlmodel in Sources */ = {isa = PBXBuildFile; fileRef = 83225D3E27FD5FD600571DAB /* FitnessPose 1.mlmodel */; };
		83329E272792CC7800600104 /* TrainingSelectionViewController.swift in Sources */ = {isa = PBXBuildFile; fileRef = 83329E262792CC7800600104 /* TrainingSelectionViewController.swift */; };
		83329E292792CC8E00600104 /* TrainingRecord1ViewController.swift in Sources */ = {isa = PBXBuildFile; fileRef = 83329E282792CC8E00600104 /* TrainingRecord1ViewController.swift */; };
		83329E2D2792CCAB00600104 /* SearchMapViewController.swift in Sources */ = {isa = PBXBuildFile; fileRef = 83329E2C2792CCAB00600104 /* SearchMapViewController.swift */; };
		83329E2F2792CCB600600104 /* HomeViewController.swift in Sources */ = {isa = PBXBuildFile; fileRef = 83329E2E2792CCB600600104 /* HomeViewController.swift */; };
		83329E3527931C8B00600104 /* TrainingRecord2ViewController.swift in Sources */ = {isa = PBXBuildFile; fileRef = 83329E3427931C8A00600104 /* TrainingRecord2ViewController.swift */; };
		83329E3727931C9E00600104 /* TrainingRecord3ViewController.swift in Sources */ = {isa = PBXBuildFile; fileRef = 83329E3627931C9E00600104 /* TrainingRecord3ViewController.swift */; };
		83329E3927931CAA00600104 /* TrainingRecord4ViewController.swift in Sources */ = {isa = PBXBuildFile; fileRef = 83329E3827931CAA00600104 /* TrainingRecord4ViewController.swift */; };
		83500BAC27EDB73700C14FAE /* Biceps 1.mlpackage in Sources */ = {isa = PBXBuildFile; fileRef = 83500BAB27EDB73700C14FAE /* Biceps 1.mlpackage */; };
		835E26DC27BA850600CD79BB /* FirstPageNavigationController.swift in Sources */ = {isa = PBXBuildFile; fileRef = 835E26DB27BA850600CD79BB /* FirstPageNavigationController.swift */; };
		835E26DE27BA89D700CD79BB /* LoginFirstPageViewController.swift in Sources */ = {isa = PBXBuildFile; fileRef = 835E26DD27BA89D700CD79BB /* LoginFirstPageViewController.swift */; };
		835E26E027BA8A0D00CD79BB /* SignUpViewController.swift in Sources */ = {isa = PBXBuildFile; fileRef = 835E26DF27BA8A0D00CD79BB /* SignUpViewController.swift */; };
		835E26E227BA8A1400CD79BB /* LoginViewController.swift in Sources */ = {isa = PBXBuildFile; fileRef = 835E26E127BA8A1400CD79BB /* LoginViewController.swift */; };
		835E26E527BA8A6E00CD79BB /* LoginHomeViewController.swift in Sources */ = {isa = PBXBuildFile; fileRef = 835E26E427BA8A6D00CD79BB /* LoginHomeViewController.swift */; };
		835E26E727BA8A8900CD79BB /* Utilities.swift in Sources */ = {isa = PBXBuildFile; fileRef = 835E26E627BA8A8900CD79BB /* Utilities.swift */; };
		835E26ED27BA8E9B00CD79BB /* Constant.swift in Sources */ = {isa = PBXBuildFile; fileRef = 835E26EC27BA8E9B00CD79BB /* Constant.swift */; };
		835E26EF27BA93CE00CD79BB /* ForgotPasswordViewController.swift in Sources */ = {isa = PBXBuildFile; fileRef = 835E26EE27BA93CE00CD79BB /* ForgotPasswordViewController.swift */; };
		835E26F127BA9E0500CD79BB /* SignOut.swift in Sources */ = {isa = PBXBuildFile; fileRef = 835E26F027BA9E0500CD79BB /* SignOut.swift */; };
		838BF7D72792B6110015AC84 /* FirebaseAnalytics in Frameworks */ = {isa = PBXBuildFile; productRef = 838BF7D62792B6110015AC84 /* FirebaseAnalytics */; };
		838BF7D92792B6110015AC84 /* FirebaseAuth in Frameworks */ = {isa = PBXBuildFile; productRef = 838BF7D82792B6110015AC84 /* FirebaseAuth */; };
		838BF7DB2792B6110015AC84 /* FirebaseDatabase in Frameworks */ = {isa = PBXBuildFile; productRef = 838BF7DA2792B6110015AC84 /* FirebaseDatabase */; };
		838BF7DD2792B6110015AC84 /* FirebaseFirestore in Frameworks */ = {isa = PBXBuildFile; productRef = 838BF7DC2792B6110015AC84 /* FirebaseFirestore */; };
		838BF7DF2792B6110015AC84 /* FirebaseFunctions in Frameworks */ = {isa = PBXBuildFile; productRef = 838BF7DE2792B6110015AC84 /* FirebaseFunctions */; };
		838BF7E12792B6110015AC84 /* FirebaseMessaging in Frameworks */ = {isa = PBXBuildFile; productRef = 838BF7E02792B6110015AC84 /* FirebaseMessaging */; };
		838BF7E32792B6110015AC84 /* FirebasePerformance in Frameworks */ = {isa = PBXBuildFile; productRef = 838BF7E22792B6110015AC84 /* FirebasePerformance */; };
		838BF7E52792B6110015AC84 /* FirebaseStorage in Frameworks */ = {isa = PBXBuildFile; productRef = 838BF7E42792B6110015AC84 /* FirebaseStorage */; };
		839B89CD27EB008200FC0CBF /* BicepsRecordViewController.swift in Sources */ = {isa = PBXBuildFile; fileRef = 839B89CC27EB008200FC0CBF /* BicepsRecordViewController.swift */; };
		83D60D9727F42E190094CDB5 /* Biceps_20220328_1.mlmodel in Sources */ = {isa = PBXBuildFile; fileRef = 83D60D9627F42E190094CDB5 /* Biceps_20220328_1.mlmodel */; };
/* End PBXBuildFile section */

/* Begin PBXFileReference section */
		4F10C1FA26F748D10032B955 /* FypTest_APP.app */ = {isa = PBXFileReference; explicitFileType = wrapper.application; includeInIndex = 0; path = FypTest_APP.app; sourceTree = BUILT_PRODUCTS_DIR; };
		4F10C1FD26F748D10032B955 /* AppDelegate.swift */ = {isa = PBXFileReference; lastKnownFileType = sourcecode.swift; path = AppDelegate.swift; sourceTree = "<group>"; };
		4F10C1FF26F748D10032B955 /* SceneDelegate.swift */ = {isa = PBXFileReference; lastKnownFileType = sourcecode.swift; path = SceneDelegate.swift; sourceTree = "<group>"; };
		4F10C20126F748D10032B955 /* ViewController.swift */ = {isa = PBXFileReference; lastKnownFileType = sourcecode.swift; path = ViewController.swift; sourceTree = "<group>"; };
		4F10C20426F748D10032B955 /* Base */ = {isa = PBXFileReference; lastKnownFileType = file.storyboard; name = Base; path = Base.lproj/Main.storyboard; sourceTree = "<group>"; };
		4F10C20626F748D30032B955 /* Assets.xcassets */ = {isa = PBXFileReference; lastKnownFileType = folder.assetcatalog; path = Assets.xcassets; sourceTree = "<group>"; };
		4F10C20926F748D30032B955 /* Base */ = {isa = PBXFileReference; lastKnownFileType = file.storyboard; name = Base; path = Base.lproj/LaunchScreen.storyboard; sourceTree = "<group>"; };
		4F10C20B26F748D30032B955 /* Info.plist */ = {isa = PBXFileReference; lastKnownFileType = text.plist.xml; path = Info.plist; sourceTree = "<group>"; };
		4F10C21126F74EEB0032B955 /* VideoCapture.swift */ = {isa = PBXFileReference; lastKnownFileType = sourcecode.swift; path = VideoCapture.swift; sourceTree = "<group>"; };
		4FAB64CC26F8FC6C008BFF14 /* predictor.swift */ = {isa = PBXFileReference; lastKnownFileType = sourcecode.swift; path = predictor.swift; sourceTree = "<group>"; };
		5D4A60DC27ECCD13004070D6 /* Activity.swift */ = {isa = PBXFileReference; lastKnownFileType = sourcecode.swift; path = Activity.swift; sourceTree = "<group>"; };
		5D5BB0D727C7816B00CF2920 /* GoogleService-Info.plist */ = {isa = PBXFileReference; fileEncoding = 4; lastKnownFileType = text.plist.xml; name = "GoogleService-Info.plist"; path = "../GoogleService-Info.plist"; sourceTree = "<group>"; };
		5DA6A1E327EE0B7B00A2D80A /* searchGymRoomTableViewCell.swift */ = {isa = PBXFileReference; lastKnownFileType = sourcecode.swift; path = searchGymRoomTableViewCell.swift; sourceTree = "<group>"; };
		5DA6A1E527EE0D6F00A2D80A /* SearchGymRoomTableViewController.swift */ = {isa = PBXFileReference; lastKnownFileType = sourcecode.swift; path = SearchGymRoomTableViewController.swift; sourceTree = "<group>"; wrapsLines = 0; };
		83225D3E27FD5FD600571DAB /* FitnessPose 1.mlmodel */ = {isa = PBXFileReference; lastKnownFileType = file.mlmodel; path = "FitnessPose 1.mlmodel"; sourceTree = "<group>"; };
		83329E262792CC7800600104 /* TrainingSelectionViewController.swift */ = {isa = PBXFileReference; lastKnownFileType = sourcecode.swift; path = TrainingSelectionViewController.swift; sourceTree = "<group>"; };
		83329E282792CC8E00600104 /* TrainingRecord1ViewController.swift */ = {isa = PBXFileReference; lastKnownFileType = sourcecode.swift; path = TrainingRecord1ViewController.swift; sourceTree = "<group>"; };
		83329E2C2792CCAB00600104 /* SearchMapViewController.swift */ = {isa = PBXFileReference; lastKnownFileType = sourcecode.swift; path = SearchMapViewController.swift; sourceTree = "<group>"; };
		83329E2E2792CCB600600104 /* HomeViewController.swift */ = {isa = PBXFileReference; lastKnownFileType = sourcecode.swift; path = HomeViewController.swift; sourceTree = "<group>"; };
		83329E3427931C8A00600104 /* TrainingRecord2ViewController.swift */ = {isa = PBXFileReference; lastKnownFileType = sourcecode.swift; path = TrainingRecord2ViewController.swift; sourceTree = "<group>"; };
		83329E3627931C9E00600104 /* TrainingRecord3ViewController.swift */ = {isa = PBXFileReference; lastKnownFileType = sourcecode.swift; path = TrainingRecord3ViewController.swift; sourceTree = "<group>"; };
		83329E3827931CAA00600104 /* TrainingRecord4ViewController.swift */ = {isa = PBXFileReference; lastKnownFileType = sourcecode.swift; path = TrainingRecord4ViewController.swift; sourceTree = "<group>"; };
		83500BAB27EDB73700C14FAE /* Biceps 1.mlpackage */ = {isa = PBXFileReference; lastKnownFileType = folder.mlpackage; path = "Biceps 1.mlpackage"; sourceTree = "<group>"; };
		835E26DB27BA850600CD79BB /* FirstPageNavigationController.swift */ = {isa = PBXFileReference; lastKnownFileType = sourcecode.swift; path = FirstPageNavigationController.swift; sourceTree = "<group>"; };
		835E26DD27BA89D700CD79BB /* LoginFirstPageViewController.swift */ = {isa = PBXFileReference; lastKnownFileType = sourcecode.swift; name = LoginFirstPageViewController.swift; path = Login_System/LoginFirstPageViewController.swift; sourceTree = "<group>"; };
		835E26DF27BA8A0D00CD79BB /* SignUpViewController.swift */ = {isa = PBXFileReference; fileEncoding = 4; lastKnownFileType = sourcecode.swift; name = SignUpViewController.swift; path = Login_System/SignUpViewController.swift; sourceTree = "<group>"; };
		835E26E127BA8A1400CD79BB /* LoginViewController.swift */ = {isa = PBXFileReference; fileEncoding = 4; lastKnownFileType = sourcecode.swift; name = LoginViewController.swift; path = Login_System/LoginViewController.swift; sourceTree = "<group>"; };
		835E26E427BA8A6D00CD79BB /* LoginHomeViewController.swift */ = {isa = PBXFileReference; lastKnownFileType = sourcecode.swift; name = LoginHomeViewController.swift; path = Login_System/LoginHomeViewController.swift; sourceTree = "<group>"; };
		835E26E627BA8A8900CD79BB /* Utilities.swift */ = {isa = PBXFileReference; fileEncoding = 4; lastKnownFileType = sourcecode.swift; name = Utilities.swift; path = Login_System/Utilities.swift; sourceTree = "<group>"; };
		835E26EC27BA8E9B00CD79BB /* Constant.swift */ = {isa = PBXFileReference; lastKnownFileType = sourcecode.swift; name = Constant.swift; path = viewController/Login_System/Constant.swift; sourceTree = "<group>"; };
		835E26EE27BA93CE00CD79BB /* ForgotPasswordViewController.swift */ = {isa = PBXFileReference; lastKnownFileType = sourcecode.swift; name = ForgotPasswordViewController.swift; path = Login_System/ForgotPasswordViewController.swift; sourceTree = "<group>"; };
		835E26F027BA9E0500CD79BB /* SignOut.swift */ = {isa = PBXFileReference; lastKnownFileType = sourcecode.swift; name = SignOut.swift; path = Login_System/SignOut.swift; sourceTree = "<group>"; };
		839B89CC27EB008200FC0CBF /* BicepsRecordViewController.swift */ = {isa = PBXFileReference; lastKnownFileType = sourcecode.swift; path = BicepsRecordViewController.swift; sourceTree = "<group>"; };
		83D60D9627F42E190094CDB5 /* Biceps_20220328_1.mlmodel */ = {isa = PBXFileReference; lastKnownFileType = file.mlmodel; path = Biceps_20220328_1.mlmodel; sourceTree = "<group>"; };
/* End PBXFileReference section */

/* Begin PBXFrameworksBuildPhase section */
		4F10C1F726F748D10032B955 /* Frameworks */ = {
			isa = PBXFrameworksBuildPhase;
			buildActionMask = 2147483647;
			files = (
				838BF7E32792B6110015AC84 /* FirebasePerformance in Frameworks */,
				838BF7E12792B6110015AC84 /* FirebaseMessaging in Frameworks */,
				838BF7DB2792B6110015AC84 /* FirebaseDatabase in Frameworks */,
				838BF7DD2792B6110015AC84 /* FirebaseFirestore in Frameworks */,
				838BF7DF2792B6110015AC84 /* FirebaseFunctions in Frameworks */,
				5D4A60E027ECD166004070D6 /* FirebaseStorageSwift-Beta in Frameworks */,
				838BF7E52792B6110015AC84 /* FirebaseStorage in Frameworks */,
				838BF7D72792B6110015AC84 /* FirebaseAnalytics in Frameworks */,
				838BF7D92792B6110015AC84 /* FirebaseAuth in Frameworks */,
			);
			runOnlyForDeploymentPostprocessing = 0;
		};
/* End PBXFrameworksBuildPhase section */

/* Begin PBXGroup section */
		4F10C1F126F748D10032B955 = {
			isa = PBXGroup;
			children = (
				4F10C1FC26F748D10032B955 /* FypTest_APP */,
				4F10C1FB26F748D10032B955 /* Products */,
				5D4A60DE27ECD166004070D6 /* Frameworks */,
			);
			sourceTree = "<group>";
		};
		4F10C1FB26F748D10032B955 /* Products */ = {
			isa = PBXGroup;
			children = (
				4F10C1FA26F748D10032B955 /* FypTest_APP.app */,
			);
			name = Products;
			sourceTree = "<group>";
		};
		4F10C1FC26F748D10032B955 /* FypTest_APP */ = {
			isa = PBXGroup;
			children = (
				4F10C1FD26F748D10032B955 /* AppDelegate.swift */,
				835E26EC27BA8E9B00CD79BB /* Constant.swift */,
				4F10C1FF26F748D10032B955 /* SceneDelegate.swift */,
				83329E252792CC4700600104 /* viewController */,
				4F10C20326F748D10032B955 /* Main.storyboard */,
				4F10C20626F748D30032B955 /* Assets.xcassets */,
				4F10C20826F748D30032B955 /* LaunchScreen.storyboard */,
				5D5BB0D727C7816B00CF2920 /* GoogleService-Info.plist */,
				4F10C20B26F748D30032B955 /* Info.plist */,
			);
			path = FypTest_APP;
			sourceTree = "<group>";
		};
		5D4A60DE27ECD166004070D6 /* Frameworks */ = {
			isa = PBXGroup;
			children = (
			);
			name = Frameworks;
			sourceTree = "<group>";
		};
		83329E252792CC4700600104 /* viewController */ = {
			isa = PBXGroup;
			children = (
				836EFF72281A8A98009FFE4A /* Login */,
				836EFF71281A874D009FFE4A /* RecordView */,
				836EFF6E281A8231009FFE4A /* AImodel */,
				836EFF6D281A8212009FFE4A /* SearchMapView */,
				836EFF6C281A81EB009FFE4A /* AI_VIEW */,
				836EFF6B281A8193009FFE4A /* TrainingView */,
				83329E2E2792CCB600600104 /* HomeViewController.swift */,
				835E26DB27BA850600CD79BB /* FirstPageNavigationController.swift */,
			);
			path = viewController;
			sourceTree = "<group>";
		};
		836EFF6B281A8193009FFE4A /* TrainingView */ = {
			isa = PBXGroup;
			children = (
				83329E262792CC7800600104 /* TrainingSelectionViewController.swift */,
				83329E282792CC8E00600104 /* TrainingRecord1ViewController.swift */,
				83329E3427931C8A00600104 /* TrainingRecord2ViewController.swift */,
				83329E3827931CAA00600104 /* TrainingRecord4ViewController.swift */,
				83329E3627931C9E00600104 /* TrainingRecord3ViewController.swift */,
			);
			name = TrainingView;
			sourceTree = "<group>";
		};
		836EFF6C281A81EB009FFE4A /* AI_VIEW */ = {
			isa = PBXGroup;
			children = (
				4F10C21126F74EEB0032B955 /* VideoCapture.swift */,
				4F10C20126F748D10032B955 /* ViewController.swift */,
				4FAB64CC26F8FC6C008BFF14 /* predictor.swift */,
			);
			name = AI_VIEW;
			sourceTree = "<group>";
		};
		836EFF6D281A8212009FFE4A /* SearchMapView */ = {
			isa = PBXGroup;
			children = (
				83329E2C2792CCAB00600104 /* SearchMapViewController.swift */,
				5D4A60DC27ECCD13004070D6 /* Activity.swift */,
				5DA6A1E327EE0B7B00A2D80A /* searchGymRoomTableViewCell.swift */,
				5DA6A1E527EE0D6F00A2D80A /* SearchGymRoomTableViewController.swift */,
			);
			path = SearchMapView;
			sourceTree = "<group>";
		};
		836EFF6E281A8231009FFE4A /* AImodel */ = {
			isa = PBXGroup;
			children = (
				83500BAB27EDB73700C14FAE /* Biceps 1.mlpackage */,
				83225D3E27FD5FD600571DAB /* FitnessPose 1.mlmodel */,
				83D60D9627F42E190094CDB5 /* Biceps_20220328_1.mlmodel */,
			);
			name = AImodel;
			sourceTree = "<group>";
		};
		836EFF71281A874D009FFE4A /* RecordView */ = {
			isa = PBXGroup;
			children = (
				839B89CC27EB008200FC0CBF /* BicepsRecordViewController.swift */,
			);
			path = RecordView;
			sourceTree = "<group>";
		};
		836EFF72281A8A98009FFE4A /* Login */ = {
			isa = PBXGroup;
			children = (
				835E26E127BA8A1400CD79BB /* LoginViewController.swift */,
				835E26F027BA9E0500CD79BB /* SignOut.swift */,
				835E26E627BA8A8900CD79BB /* Utilities.swift */,
				835E26DD27BA89D700CD79BB /* LoginFirstPageViewController.swift */,
				835E26DF27BA8A0D00CD79BB /* SignUpViewController.swift */,
				835E26E427BA8A6D00CD79BB /* LoginHomeViewController.swift */,
				835E26EE27BA93CE00CD79BB /* ForgotPasswordViewController.swift */,
			);
			name = Login;
			sourceTree = "<group>";
		};
/* End PBXGroup section */

/* Begin PBXNativeTarget section */
		4F10C1F926F748D10032B955 /* FypTest_APP */ = {
			isa = PBXNativeTarget;
			buildConfigurationList = 4F10C20E26F748D30032B955 /* Build configuration list for PBXNativeTarget "FypTest_APP" */;
			buildPhases = (
				4F10C1F626F748D10032B955 /* Sources */,
				4F10C1F726F748D10032B955 /* Frameworks */,
				4F10C1F826F748D10032B955 /* Resources */,
			);
			buildRules = (
			);
			dependencies = (
			);
			name = FypTest_APP;
			packageProductDependencies = (
				838BF7D62792B6110015AC84 /* FirebaseAnalytics */,
				838BF7D82792B6110015AC84 /* FirebaseAuth */,
				838BF7DA2792B6110015AC84 /* FirebaseDatabase */,
				838BF7DC2792B6110015AC84 /* FirebaseFirestore */,
				838BF7DE2792B6110015AC84 /* FirebaseFunctions */,
				838BF7E02792B6110015AC84 /* FirebaseMessaging */,
				838BF7E22792B6110015AC84 /* FirebasePerformance */,
				838BF7E42792B6110015AC84 /* FirebaseStorage */,
				5D4A60DF27ECD166004070D6 /* FirebaseStorageSwift-Beta */,
			);
			productName = FypTest_APP;
			productReference = 4F10C1FA26F748D10032B955 /* FypTest_APP.app */;
			productType = "com.apple.product-type.application";
		};
/* End PBXNativeTarget section */

/* Begin PBXProject section */
		4F10C1F226F748D10032B955 /* Project object */ = {
			isa = PBXProject;
			attributes = {
				LastSwiftUpdateCheck = 1250;
				LastUpgradeCheck = 1250;
				TargetAttributes = {
					4F10C1F926F748D10032B955 = {
						CreatedOnToolsVersion = 12.5.1;
					};
				};
			};
			buildConfigurationList = 4F10C1F526F748D10032B955 /* Build configuration list for PBXProject "FypTest_APP" */;
			compatibilityVersion = "Xcode 9.3";
			developmentRegion = en;
			hasScannedForEncodings = 0;
			knownRegions = (
				en,
				Base,
			);
			mainGroup = 4F10C1F126F748D10032B955;
			packageReferences = (
				838BF7D52792B60E0015AC84 /* XCRemoteSwiftPackageReference "firebase-ios-sdk" */,
			);
			productRefGroup = 4F10C1FB26F748D10032B955 /* Products */;
			projectDirPath = "";
			projectRoot = "";
			targets = (
				4F10C1F926F748D10032B955 /* FypTest_APP */,
			);
		};
/* End PBXProject section */

/* Begin PBXResourcesBuildPhase section */
		4F10C1F826F748D10032B955 /* Resources */ = {
			isa = PBXResourcesBuildPhase;
			buildActionMask = 2147483647;
			files = (
				4F10C20A26F748D30032B955 /* LaunchScreen.storyboard in Resources */,
				5D5BB0D827C7816B00CF2920 /* GoogleService-Info.plist in Resources */,
				4F10C20726F748D30032B955 /* Assets.xcassets in Resources */,
				4F10C20526F748D10032B955 /* Main.storyboard in Resources */,
			);
			runOnlyForDeploymentPostprocessing = 0;
		};
/* End PBXResourcesBuildPhase section */

/* Begin PBXSourcesBuildPhase section */
		4F10C1F626F748D10032B955 /* Sources */ = {
			isa = PBXSourcesBuildPhase;
			buildActionMask = 2147483647;
			files = (
				83329E292792CC8E00600104 /* TrainingRecord1ViewController.swift in Sources */,
				835E26EF27BA93CE00CD79BB /* ForgotPasswordViewController.swift in Sources */,
				83500BAC27EDB73700C14FAE /* Biceps 1.mlpackage in Sources */,
				4F10C21226F74EEB0032B955 /* VideoCapture.swift in Sources */,
				83329E272792CC7800600104 /* TrainingSelectionViewController.swift in Sources */,
				5DA6A1E627EE0D6F00A2D80A /* SearchGymRoomTableViewController.swift in Sources */,
				835E26E227BA8A1400CD79BB /* LoginViewController.swift in Sources */,
				835E26E527BA8A6E00CD79BB /* LoginHomeViewController.swift in Sources */,
				83329E2D2792CCAB00600104 /* SearchMapViewController.swift in Sources */,
				835E26F127BA9E0500CD79BB /* SignOut.swift in Sources */,
				835E26E027BA8A0D00CD79BB /* SignUpViewController.swift in Sources */,
				835E26E727BA8A8900CD79BB /* Utilities.swift in Sources */,
				83D60D9727F42E190094CDB5 /* Biceps_20220328_1.mlmodel in Sources */,
				83329E2F2792CCB600600104 /* HomeViewController.swift in Sources */,
				839B89CD27EB008200FC0CBF /* BicepsRecordViewController.swift in Sources */,
				4FAB64CD26F8FC6C008BFF14 /* predictor.swift in Sources */,
				4F10C20226F748D10032B955 /* ViewController.swift in Sources */,
				83329E3927931CAA00600104 /* TrainingRecord4ViewController.swift in Sources */,
				4F10C1FE26F748D10032B955 /* AppDelegate.swift in Sources */,
				5DA6A1E427EE0B7B00A2D80A /* searchGymRoomTableViewCell.swift in Sources */,
				835E26DE27BA89D700CD79BB /* LoginFirstPageViewController.swift in Sources */,
				4F10C20026F748D10032B955 /* SceneDelegate.swift in Sources */,
				83329E3727931C9E00600104 /* TrainingRecord3ViewController.swift in Sources */,
				83329E3527931C8B00600104 /* TrainingRecord2ViewController.swift in Sources */,
				835E26DC27BA850600CD79BB /* FirstPageNavigationController.swift in Sources */,
				83225D3F27FD5FD600571DAB /* FitnessPose 1.mlmodel in Sources */,
				5D4A60DD27ECCD13004070D6 /* Activity.swift in Sources */,
				835E26ED27BA8E9B00CD79BB /* Constant.swift in Sources */,
			);
			runOnlyForDeploymentPostprocessing = 0;
		};
/* End PBXSourcesBuildPhase section */

/* Begin PBXVariantGroup section */
		4F10C20326F748D10032B955 /* Main.storyboard */ = {
			isa = PBXVariantGroup;
			children = (
				4F10C20426F748D10032B955 /* Base */,
			);
			name = Main.storyboard;
			sourceTree = "<group>";
		};
		4F10C20826F748D30032B955 /* LaunchScreen.storyboard */ = {
			isa = PBXVariantGroup;
			children = (
				4F10C20926F748D30032B955 /* Base */,
			);
			name = LaunchScreen.storyboard;
			sourceTree = "<group>";
		};
/* End PBXVariantGroup section */

/* Begin XCBuildConfiguration section */
		4F10C20C26F748D30032B955 /* Debug */ = {
			isa = XCBuildConfiguration;
			buildSettings = {
				ALWAYS_SEARCH_USER_PATHS = NO;
				CLANG_ANALYZER_NONNULL = YES;
				CLANG_ANALYZER_NUMBER_OBJECT_CONVERSION = YES_AGGRESSIVE;
				CLANG_CXX_LANGUAGE_STANDARD = "gnu++14";
				CLANG_CXX_LIBRARY = "libc++";
				CLANG_ENABLE_MODULES = YES;
				CLANG_ENABLE_OBJC_ARC = YES;
				CLANG_ENABLE_OBJC_WEAK = YES;
				CLANG_WARN_BLOCK_CAPTURE_AUTORELEASING = YES;
				CLANG_WARN_BOOL_CONVERSION = YES;
				CLANG_WARN_COMMA = YES;
				CLANG_WARN_CONSTANT_CONVERSION = YES;
				CLANG_WARN_DEPRECATED_OBJC_IMPLEMENTATIONS = YES;
				CLANG_WARN_DIRECT_OBJC_ISA_USAGE = YES_ERROR;
				CLANG_WARN_DOCUMENTATION_COMMENTS = YES;
				CLANG_WARN_EMPTY_BODY = YES;
				CLANG_WARN_ENUM_CONVERSION = YES;
				CLANG_WARN_INFINITE_RECURSION = YES;
				CLANG_WARN_INT_CONVERSION = YES;
				CLANG_WARN_NON_LITERAL_NULL_CONVERSION = YES;
				CLANG_WARN_OBJC_IMPLICIT_RETAIN_SELF = YES;
				CLANG_WARN_OBJC_LITERAL_CONVERSION = YES;
				CLANG_WARN_OBJC_ROOT_CLASS = YES_ERROR;
				CLANG_WARN_QUOTED_INCLUDE_IN_FRAMEWORK_HEADER = YES;
				CLANG_WARN_RANGE_LOOP_ANALYSIS = YES;
				CLANG_WARN_STRICT_PROTOTYPES = YES;
				CLANG_WARN_SUSPICIOUS_MOVE = YES;
				CLANG_WARN_UNGUARDED_AVAILABILITY = YES_AGGRESSIVE;
				CLANG_WARN_UNREACHABLE_CODE = YES;
				CLANG_WARN__DUPLICATE_METHOD_MATCH = YES;
				COPY_PHASE_STRIP = NO;
				DEBUG_INFORMATION_FORMAT = dwarf;
				ENABLE_STRICT_OBJC_MSGSEND = YES;
				ENABLE_TESTABILITY = YES;
				GCC_C_LANGUAGE_STANDARD = gnu11;
				GCC_DYNAMIC_NO_PIC = NO;
				GCC_NO_COMMON_BLOCKS = YES;
				GCC_OPTIMIZATION_LEVEL = 0;
				GCC_PREPROCESSOR_DEFINITIONS = (
					"DEBUG=1",
					"$(inherited)",
				);
				GCC_WARN_64_TO_32_BIT_CONVERSION = YES;
				GCC_WARN_ABOUT_RETURN_TYPE = YES_ERROR;
				GCC_WARN_UNDECLARED_SELECTOR = YES;
				GCC_WARN_UNINITIALIZED_AUTOS = YES_AGGRESSIVE;
				GCC_WARN_UNUSED_FUNCTION = YES;
				GCC_WARN_UNUSED_VARIABLE = YES;
				IPHONEOS_DEPLOYMENT_TARGET = 14.5;
				MTL_ENABLE_DEBUG_INFO = INCLUDE_SOURCE;
				MTL_FAST_MATH = YES;
				ONLY_ACTIVE_ARCH = YES;
				SDKROOT = iphoneos;
				SWIFT_ACTIVE_COMPILATION_CONDITIONS = DEBUG;
				SWIFT_OPTIMIZATION_LEVEL = "-Onone";
			};
			name = Debug;
		};
		4F10C20D26F748D30032B955 /* Release */ = {
			isa = XCBuildConfiguration;
			buildSettings = {
				ALWAYS_SEARCH_USER_PATHS = NO;
				CLANG_ANALYZER_NONNULL = YES;
				CLANG_ANALYZER_NUMBER_OBJECT_CONVERSION = YES_AGGRESSIVE;
				CLANG_CXX_LANGUAGE_STANDARD = "gnu++14";
				CLANG_CXX_LIBRARY = "libc++";
				CLANG_ENABLE_MODULES = YES;
				CLANG_ENABLE_OBJC_ARC = YES;
				CLANG_ENABLE_OBJC_WEAK = YES;
				CLANG_WARN_BLOCK_CAPTURE_AUTORELEASING = YES;
				CLANG_WARN_BOOL_CONVERSION = YES;
				CLANG_WARN_COMMA = YES;
				CLANG_WARN_CONSTANT_CONVERSION = YES;
				CLANG_WARN_DEPRECATED_OBJC_IMPLEMENTATIONS = YES;
				CLANG_WARN_DIRECT_OBJC_ISA_USAGE = YES_ERROR;
				CLANG_WARN_DOCUMENTATION_COMMENTS = YES;
				CLANG_WARN_EMPTY_BODY = YES;
				CLANG_WARN_ENUM_CONVERSION = YES;
				CLANG_WARN_INFINITE_RECURSION = YES;
				CLANG_WARN_INT_CONVERSION = YES;
				CLANG_WARN_NON_LITERAL_NULL_CONVERSION = YES;
				CLANG_WARN_OBJC_IMPLICIT_RETAIN_SELF = YES;
				CLANG_WARN_OBJC_LITERAL_CONVERSION = YES;
				CLANG_WARN_OBJC_ROOT_CLASS = YES_ERROR;
				CLANG_WARN_QUOTED_INCLUDE_IN_FRAMEWORK_HEADER = YES;
				CLANG_WARN_RANGE_LOOP_ANALYSIS = YES;
				CLANG_WARN_STRICT_PROTOTYPES = YES;
				CLANG_WARN_SUSPICIOUS_MOVE = YES;
				CLANG_WARN_UNGUARDED_AVAILABILITY = YES_AGGRESSIVE;
				CLANG_WARN_UNREACHABLE_CODE = YES;
				CLANG_WARN__DUPLICATE_METHOD_MATCH = YES;
				COPY_PHASE_STRIP = NO;
				DEBUG_INFORMATION_FORMAT = "dwarf-with-dsym";
				ENABLE_NS_ASSERTIONS = NO;
				ENABLE_STRICT_OBJC_MSGSEND = YES;
				GCC_C_LANGUAGE_STANDARD = gnu11;
				GCC_NO_COMMON_BLOCKS = YES;
				GCC_WARN_64_TO_32_BIT_CONVERSION = YES;
				GCC_WARN_ABOUT_RETURN_TYPE = YES_ERROR;
				GCC_WARN_UNDECLARED_SELECTOR = YES;
				GCC_WARN_UNINITIALIZED_AUTOS = YES_AGGRESSIVE;
				GCC_WARN_UNUSED_FUNCTION = YES;
				GCC_WARN_UNUSED_VARIABLE = YES;
				IPHONEOS_DEPLOYMENT_TARGET = 14.5;
				MTL_ENABLE_DEBUG_INFO = NO;
				MTL_FAST_MATH = YES;
				SDKROOT = iphoneos;
				SWIFT_COMPILATION_MODE = wholemodule;
				SWIFT_OPTIMIZATION_LEVEL = "-O";
				VALIDATE_PRODUCT = YES;
			};
			name = Release;
		};
		4F10C20F26F748D30032B955 /* Debug */ = {
			isa = XCBuildConfiguration;
			buildSettings = {
				ASSETCATALOG_COMPILER_APPICON_NAME = AppIcon;
				ASSETCATALOG_COMPILER_GLOBAL_ACCENT_COLOR_NAME = AccentColor;
				CODE_SIGN_IDENTITY = "Apple Development";
				CODE_SIGN_STYLE = Automatic;
				DEVELOPMENT_TEAM = FR26NUFV2W;
				INFOPLIST_FILE = FypTest_APP/Info.plist;
				LD_RUNPATH_SEARCH_PATHS = (
					"$(inherited)",
					"@executable_path/Frameworks",
				);
				PRODUCT_BUNDLE_IDENTIFIER = "Fyptest.FypTest-APP";
				PRODUCT_NAME = "$(TARGET_NAME)";
				PROVISIONING_PROFILE_SPECIFIER = "";
				SWIFT_VERSION = 5.0;
				TARGETED_DEVICE_FAMILY = "1,2";
			};
			name = Debug;
		};
		4F10C21026F748D30032B955 /* Release */ = {
			isa = XCBuildConfiguration;
			buildSettings = {
				ASSETCATALOG_COMPILER_APPICON_NAME = AppIcon;
				ASSETCATALOG_COMPILER_GLOBAL_ACCENT_COLOR_NAME = AccentColor;
				CODE_SIGN_IDENTITY = "Apple Development";
				CODE_SIGN_STYLE = Automatic;
				DEVELOPMENT_TEAM = FR26NUFV2W;
				INFOPLIST_FILE = FypTest_APP/Info.plist;
				LD_RUNPATH_SEARCH_PATHS = (
					"$(inherited)",
					"@executable_path/Frameworks",
				);
				PRODUCT_BUNDLE_IDENTIFIER = "Fyptest.FypTest-APP";
				PRODUCT_NAME = "$(TARGET_NAME)";
				PROVISIONING_PROFILE_SPECIFIER = "";
				SWIFT_VERSION = 5.0;
				TARGETED_DEVICE_FAMILY = "1,2";
			};
			name = Release;
		};
/* End XCBuildConfiguration section */

/* Begin XCConfigurationList section */
		4F10C1F526F748D10032B955 /* Build configuration list for PBXProject "FypTest_APP" */ = {
			isa = XCConfigurationList;
			buildConfigurations = (
				4F10C20C26F748D30032B955 /* Debug */,
				4F10C20D26F748D30032B955 /* Release */,
			);
			defaultConfigurationIsVisible = 0;
			defaultConfigurationName = Release;
		};
		4F10C20E26F748D30032B955 /* Build configuration list for PBXNativeTarget "FypTest_APP" */ = {
			isa = XCConfigurationList;
			buildConfigurations = (
				4F10C20F26F748D30032B955 /* Debug */,
				4F10C21026F748D30032B955 /* Release */,
			);
			defaultConfigurationIsVisible = 0;
			defaultConfigurationName = Release;
		};
/* End XCConfigurationList section */

/* Begin XCRemoteSwiftPackageReference section */
		838BF7D52792B60E0015AC84 /* XCRemoteSwiftPackageReference "firebase-ios-sdk" */ = {
			isa = XCRemoteSwiftPackageReference;
			repositoryURL = "https://github.com/firebase/firebase-ios-sdk";
			requirement = {
				branch = master;
				kind = branch;
			};
		};
/* End XCRemoteSwiftPackageReference section */

/* Begin XCSwiftPackageProductDependency section */
		5D4A60DF27ECD166004070D6 /* FirebaseStorageSwift-Beta */ = {
			isa = XCSwiftPackageProductDependency;
			package = 838BF7D52792B60E0015AC84 /* XCRemoteSwiftPackageReference "firebase-ios-sdk" */;
			productName = "FirebaseStorageSwift-Beta";
		};
		838BF7D62792B6110015AC84 /* FirebaseAnalytics */ = {
			isa = XCSwiftPackageProductDependency;
			package = 838BF7D52792B60E0015AC84 /* XCRemoteSwiftPackageReference "firebase-ios-sdk" */;
			productName = FirebaseAnalytics;
		};
		838BF7D82792B6110015AC84 /* FirebaseAuth */ = {
			isa = XCSwiftPackageProductDependency;
			package = 838BF7D52792B60E0015AC84 /* XCRemoteSwiftPackageReference "firebase-ios-sdk" */;
			productName = FirebaseAuth;
		};
		838BF7DA2792B6110015AC84 /* FirebaseDatabase */ = {
			isa = XCSwiftPackageProductDependency;
			package = 838BF7D52792B60E0015AC84 /* XCRemoteSwiftPackageReference "firebase-ios-sdk" */;
			productName = FirebaseDatabase;
		};
		838BF7DC2792B6110015AC84 /* FirebaseFirestore */ = {
			isa = XCSwiftPackageProductDependency;
			package = 838BF7D52792B60E0015AC84 /* XCRemoteSwiftPackageReference "firebase-ios-sdk" */;
			productName = FirebaseFirestore;
		};
		838BF7DE2792B6110015AC84 /* FirebaseFunctions */ = {
			isa = XCSwiftPackageProductDependency;
			package = 838BF7D52792B60E0015AC84 /* XCRemoteSwiftPackageReference "firebase-ios-sdk" */;
			productName = FirebaseFunctions;
		};
		838BF7E02792B6110015AC84 /* FirebaseMessaging */ = {
			isa = XCSwiftPackageProductDependency;
			package = 838BF7D52792B60E0015AC84 /* XCRemoteSwiftPackageReference "firebase-ios-sdk" */;
			productName = FirebaseMessaging;
		};
		838BF7E22792B6110015AC84 /* FirebasePerformance */ = {
			isa = XCSwiftPackageProductDependency;
			package = 838BF7D52792B60E0015AC84 /* XCRemoteSwiftPackageReference "firebase-ios-sdk" */;
			productName = FirebasePerformance;
		};
		838BF7E42792B6110015AC84 /* FirebaseStorage */ = {
			isa = XCSwiftPackageProductDependency;
			package = 838BF7D52792B60E0015AC84 /* XCRemoteSwiftPackageReference "firebase-ios-sdk" */;
			productName = FirebaseStorage;
		};
/* End XCSwiftPackageProductDependency section */
	};
	rootObject = 4F10C1F226F748D10032B955 /* Project object */;
}
